
Microsoft Visual Studio Solution File, Format Version 12.00
# Visual Studio Version 17
VisualStudioVersion = 17.13.35919.96
MinimumVisualStudioVersion = 10.0.40219.1
Project("{FAE04EC0-301F-11D3-BF4B-00C04F79EFBC}") = "Flexiconnect.API", "Flexiconnect.API\Flexiconnect.API.csproj", "{8813E08F-808B-4B04-8BBC-70B7C31CF342}"
EndProject
Project("{FAE04EC0-301F-11D3-BF4B-00C04F79EFBC}") = "Flexiconnect.Application", "Flexiconnect.Application\Flexiconnect.Application.csproj", "{B76D481A-48EE-403F-8DE2-C92A7BC503F9}"
EndProject
Project("{FAE04EC0-301F-11D3-BF4B-00C04F79EFBC}") = "Flexiconnect.Domain", "Flexiconnect.Domain\Flexiconnect.Domain.csproj", "{2F4CE63C-7CD0-4E4A-A2BB-158BD2967709}"
EndProject
Project("{FAE04EC0-301F-11D3-BF4B-00C04F79EFBC}") = "Flexiconnect.Infrastructure", "Flexiconnect.Infrastructure\Flexiconnect.Infrastructure.csproj", "{0691E2CF-CA81-4571-9F60-ADE6AD526DFC}"
EndProject
Project("{FAE04EC0-301F-11D3-BF4B-00C04F79EFBC}") = "Flexiconnect.Shared", "Flexiconnect.Shared\Flexiconnect.Shared.csproj", "{F77C013E-0B7C-496F-800B-47F9D4A3DB6B}"
EndProject
Project("{2150E333-8FDC-42A3-9474-1A3956D46DE8}") = "src", "src", "{02EA681E-C7D8-13C7-8484-4AC65E1B71E8}"
EndProject
Project("{2150E333-8FDC-42A3-9474-1A3956D46DE8}") = "tests", "tests", "{B7631CDC-5E28-4AD3-B91E-EE294FB9135A}"
EndProject
Project("{FAE04EC0-301F-11D3-BF4B-00C04F79EFBC}") = "Flexiconnect.IntegrationTests", "Flexiconnect.IntegrationTests\Flexiconnect.IntegrationTests.csproj", "{8A532354-0D41-4106-98F0-DFDC658F83D5}"
EndProject
Project("{FAE04EC0-301F-11D3-BF4B-00C04F79EFBC}") = "Flexiconnect.UnitTests", "Flexiconnect.UnitTests\Flexiconnect.UnitTests.csproj", "{B8FCA53D-7484-4C31-8753-1358E1BEDBCA}"
EndProject
Global
	GlobalSection(SolutionConfigurationPlatforms) = preSolution
		Debug|Any CPU = Debug|Any CPU
		Release|Any CPU = Release|Any CPU
	EndGlobalSection
	GlobalSection(ProjectConfigurationPlatforms) = postSolution
		{8813E08F-808B-4B04-8BBC-70B7C31CF342}.Debug|Any CPU.ActiveCfg = Debug|Any CPU
		{8813E08F-808B-4B04-8BBC-70B7C31CF342}.Debug|Any CPU.Build.0 = Debug|Any CPU
		{8813E08F-808B-4B04-8BBC-70B7C31CF342}.Release|Any CPU.ActiveCfg = Release|Any CPU
		{8813E08F-808B-4B04-8BBC-70B7C31CF342}.Release|Any CPU.Build.0 = Release|Any CPU
		{B76D481A-48EE-403F-8DE2-C92A7BC503F9}.Debug|Any CPU.ActiveCfg = Debug|Any CPU
		{B76D481A-48EE-403F-8DE2-C92A7BC503F9}.Debug|Any CPU.Build.0 = Debug|Any CPU
		{B76D481A-48EE-403F-8DE2-C92A7BC503F9}.Release|Any CPU.ActiveCfg = Release|Any CPU
		{B76D481A-48EE-403F-8DE2-C92A7BC503F9}.Release|Any CPU.Build.0 = Release|Any CPU
		{2F4CE63C-7CD0-4E4A-A2BB-158BD2967709}.Debug|Any CPU.ActiveCfg = Debug|Any CPU
		{2F4CE63C-7CD0-4E4A-A2BB-158BD2967709}.Debug|Any CPU.Build.0 = Debug|Any CPU
		{2F4CE63C-7CD0-4E4A-A2BB-158BD2967709}.Release|Any CPU.ActiveCfg = Release|Any CPU
		{2F4CE63C-7CD0-4E4A-A2BB-158BD2967709}.Release|Any CPU.Build.0 = Release|Any CPU
		{0691E2CF-CA81-4571-9F60-ADE6AD526DFC}.Debug|Any CPU.ActiveCfg = Debug|Any CPU
		{0691E2CF-CA81-4571-9F60-ADE6AD526DFC}.Debug|Any CPU.Build.0 = Debug|Any CPU
		{0691E2CF-CA81-4571-9F60-ADE6AD526DFC}.Release|Any CPU.ActiveCfg = Release|Any CPU
		{0691E2CF-CA81-4571-9F60-ADE6AD526DFC}.Release|Any CPU.Build.0 = Release|Any CPU
		{F77C013E-0B7C-496F-800B-47F9D4A3DB6B}.Debug|Any CPU.ActiveCfg = Debug|Any CPU
		{F77C013E-0B7C-496F-800B-47F9D4A3DB6B}.Debug|Any CPU.Build.0 = Debug|Any CPU
		{F77C013E-0B7C-496F-800B-47F9D4A3DB6B}.Release|Any CPU.ActiveCfg = Release|Any CPU
		{F77C013E-0B7C-496F-800B-47F9D4A3DB6B}.Release|Any CPU.Build.0 = Release|Any CPU
		{8A532354-0D41-4106-98F0-DFDC658F83D5}.Debug|Any CPU.ActiveCfg = Debug|Any CPU
		{8A532354-0D41-4106-98F0-DFDC658F83D5}.Debug|Any CPU.Build.0 = Debug|Any CPU
		{8A532354-0D41-4106-98F0-DFDC658F83D5}.Release|Any CPU.ActiveCfg = Release|Any CPU
		{8A532354-0D41-4106-98F0-DFDC658F83D5}.Release|Any CPU.Build.0 = Release|Any CPU
		{B8FCA53D-7484-4C31-8753-1358E1BEDBCA}.Debug|Any CPU.ActiveCfg = Debug|Any CPU
		{B8FCA53D-7484-4C31-8753-1358E1BEDBCA}.Debug|Any CPU.Build.0 = Debug|Any CPU
		{B8FCA53D-7484-4C31-8753-1358E1BEDBCA}.Release|Any CPU.ActiveCfg = Release|Any CPU
		{B8FCA53D-7484-4C31-8753-1358E1BEDBCA}.Release|Any CPU.Build.0 = Release|Any CPU
	EndGlobalSection
	GlobalSection(SolutionProperties) = preSolution
		HideSolutionNode = FALSE
	EndGlobalSection
	GlobalSection(NestedProjects) = preSolution
		{8813E08F-808B-4B04-8BBC-70B7C31CF342} = {02EA681E-C7D8-13C7-8484-4AC65E1B71E8}
		{B76D481A-48EE-403F-8DE2-C92A7BC503F9} = {02EA681E-C7D8-13C7-8484-4AC65E1B71E8}
		{2F4CE63C-7CD0-4E4A-A2BB-158BD2967709} = {02EA681E-C7D8-13C7-8484-4AC65E1B71E8}
		{0691E2CF-CA81-4571-9F60-ADE6AD526DFC} = {02EA681E-C7D8-13C7-8484-4AC65E1B71E8}
		{F77C013E-0B7C-496F-800B-47F9D4A3DB6B} = {02EA681E-C7D8-13C7-8484-4AC65E1B71E8}
		{8A532354-0D41-4106-98F0-DFDC658F83D5} = {B7631CDC-5E28-4AD3-B91E-EE294FB9135A}
		{B8FCA53D-7484-4C31-8753-1358E1BEDBCA} = {B7631CDC-5E28-4AD3-B91E-EE294FB9135A}
	EndGlobalSection
	GlobalSection(ExtensibilityGlobals) = postSolution
		SolutionGuid = {54B0276D-94E0-40D4-BFD7-C5B308E6BA7D}
	EndGlobalSection
EndGlobal
